
Microsoft Visual Studio Solution File, Format Version 12.00
# Visual Studio Version 16
VisualStudioVersion = 16.0.31005.135
MinimumVisualStudioVersion = 10.0.40219.1
Project("{FAE04EC0-301F-11D3-BF4B-00C04F79EFBC}") = "WPFPayForFood", "WPFPayForFood\WPFPayForFood.csproj", "{13F6C684-04BC-4797-B679-2BA92C583F11}"
EndProject
Global
	GlobalSection(SolutionConfigurationPlatforms) = preSolution
		Debug|Any CPU = Debug|Any CPU
		Release|Any CPU = Release|Any CPU
	EndGlobalSection
	GlobalSection(ProjectConfigurationPlatforms) = postSolution
		{13F6C684-04BC-4797-B679-2BA92C583F11}.Debug|Any CPU.ActiveCfg = Debug|Any CPU
		{13F6C684-04BC-4797-B679-2BA92C583F11}.Debug|Any CPU.Build.0 = Debug|Any CPU
		{13F6C684-04BC-4797-B679-2BA92C583F11}.Release|Any CPU.ActiveCfg = Release|Any CPU
		{13F6C684-04BC-4797-B679-2BA92C583F11}.Release|Any CPU.Build.0 = Release|Any CPU
	EndGlobalSection
	GlobalSection(SolutionProperties) = preSolution
		HideSolutionNode = FALSE
	EndGlobalSection
	GlobalSection(ExtensibilityGlobals) = postSolution
		SolutionGuid = {702D9052-1243-4290-B586-23E56FCDAC59}
	EndGlobalSection
EndGlobal
